
Microsoft Visual Studio Solution File, Format Version 12.00
# Visual Studio Version 17
VisualStudioVersion = 17.14.36429.23
MinimumVisualStudioVersion = 10.0.40219.1
Project("{FAE04EC0-301F-11D3-BF4B-00C04F79EFBC}") = "Tyuiu.KozhevnikovYV.Sprint1.Task0.V5", "Tyuiu.KozhevnikovYV.Sprint1.Task0.V5\Tyuiu.KozhevnikovYV.Sprint1.Task0.V5.csproj", "{D100536F-7DB6-4EF5-BF08-32CD5ADA4B5F}"
EndProject
Project("{FAE04EC0-301F-11D3-BF4B-00C04F79EFBC}") = "Tyuiu.KozhevnikovYV.Sprint1.Task0.V5.Lib", "Tyuiu.KozhevnikovYV.Sprint1.Task0.V5.Lib\Tyuiu.KozhevnikovYV.Sprint1.Task0.V5.Lib.csproj", "{4B910F3D-8434-474D-864B-90D6FF4BE0FB}"
EndProject
Project("{FAE04EC0-301F-11D3-BF4B-00C04F79EFBC}") = "Tyuiu.KozhevnikovYV.Sprint1.Task0.V5.Test", "Tyuiu.KozhevnikovYV.Sprint1.Task0.V5.Test\Tyuiu.KozhevnikovYV.Sprint1.Task0.V5.Test.csproj", "{A8DFF2E9-9A88-471E-B6F2-2A7FA36B999E}"
EndProject
Project("{2150E333-8FDC-42A3-9474-1A3956D46DE8}") = "Task1", "Task1", "{02EA681E-C7D8-13C7-8484-4AC65E1B71E8}"
EndProject
Project("{2150E333-8FDC-42A3-9474-1A3956D46DE8}") = "Task0", "Task0", "{4AE6B260-19E6-436C-9F35-7F8FF75FAD91}"
EndProject
Project("{FAE04EC0-301F-11D3-BF4B-00C04F79EFBC}") = "Tyuiu.KozhevnikovYV.Sprint1.Task1.V16", "Tyuiu.KozhevnikovYV.Sprint1.Task1.V16\Tyuiu.KozhevnikovYV.Sprint1.Task1.V16.csproj", "{2F7584F7-F08D-4854-A5AE-3B4FDF66F9A3}"
EndProject
Project("{FAE04EC0-301F-11D3-BF4B-00C04F79EFBC}") = "Tyuiu.KozhevnikovYV.Sprint1.Task1.V16.Lib", "Tyuiu.KozhevnikovYV.Sprint1.Task1.V16.Lib\Tyuiu.KozhevnikovYV.Sprint1.Task1.V16.Lib.csproj", "{915085A5-46D3-49CA-A6C6-290B523DE7BE}"
EndProject
Project("{FAE04EC0-301F-11D3-BF4B-00C04F79EFBC}") = "Tyuiu.KozhevnikovYV.Sprint1.Task1.V16.Test", "Tyuiu.KozhevnikovYV.Sprint1.Task1.V16.Test\Tyuiu.KozhevnikovYV.Sprint1.Task1.V16.Test.csproj", "{818038C6-8343-46B9-AB74-FCA4DB1E2D31}"
EndProject
Project("{2150E333-8FDC-42A3-9474-1A3956D46DE8}") = "Task2", "Task2", "{08958EDC-BB9A-4686-8A81-3334A1471CA0}"
EndProject
Project("{FAE04EC0-301F-11D3-BF4B-00C04F79EFBC}") = "Tyuiu.KozhevnikovYV.Sprint1.Task2.V20", "Tyuiu.KozhevnikovYV.Sprint1.Task2.V20\Tyuiu.KozhevnikovYV.Sprint1.Task2.V20.csproj", "{839CD56D-3B5C-4137-9479-F4FC673581DC}"
EndProject
Project("{FAE04EC0-301F-11D3-BF4B-00C04F79EFBC}") = "Tyuiu.KozhevnikovYV.Sprint1.Task2.V20.Lib", "Tyuiu.KozhevnikovYV.Sprint1.Task2.V20.Lib\Tyuiu.KozhevnikovYV.Sprint1.Task2.V20.Lib.csproj", "{C23D1DE8-664F-4800-A9B9-4878CDBDCFC1}"
EndProject
Project("{FAE04EC0-301F-11D3-BF4B-00C04F79EFBC}") = "Tyuiu.KozhevnikovYV.Sprint1.Task2.V20.Test", "Tyuiu.KozhevnikovYV.Sprint1.Task2.V20.Test\Tyuiu.KozhevnikovYV.Sprint1.Task2.V20.Test.csproj", "{67097716-405E-44CE-94C4-997B4BBC9A5A}"
EndProject
Project("{2150E333-8FDC-42A3-9474-1A3956D46DE8}") = "Task3", "Task3", "{EEA24B47-6CC2-48AB-9735-1CC2E46EB178}"
EndProject
Project("{FAE04EC0-301F-11D3-BF4B-00C04F79EFBC}") = "Tyuiu.KozhevnikovYV.Sprint1.Task3.V1", "Tyuiu.KozhevnikovYV.Sprint1.Task3.V1\Tyuiu.KozhevnikovYV.Sprint1.Task3.V1.csproj", "{83E0E4B5-5157-45D3-BA1C-B4B68A6AAC1E}"
EndProject
Project("{FAE04EC0-301F-11D3-BF4B-00C04F79EFBC}") = "Tyuiu.KozhevnikovYV.Sprint1.Task3.V1.Lib", "Tyuiu.KozhevnikovYV.Sprint1.Task3.V1.Lib\Tyuiu.KozhevnikovYV.Sprint1.Task3.V1.Lib.csproj", "{06B4FBA0-76A9-4E60-8171-7DD0AA92AC47}"
EndProject
Project("{FAE04EC0-301F-11D3-BF4B-00C04F79EFBC}") = "Tyuiu.KozhevnikovYV.Sprint1.Task3.V1.Test", "Tyuiu.KozhevnikovYV.Sprint1.Task3.V1.Test\Tyuiu.KozhevnikovYV.Sprint1.Task3.V1.Test.csproj", "{159A859C-AE6B-4C14-BD9F-799CA2388802}"
EndProject
Project("{2150E333-8FDC-42A3-9474-1A3956D46DE8}") = "Task4", "Task4", "{23F71D24-E7B0-4FE0-8858-4A889CAACCA8}"
EndProject
Project("{FAE04EC0-301F-11D3-BF4B-00C04F79EFBC}") = "Tyuiu.KozhevnikovYV.Sprint1.Task4.V2", "Tyuiu.KozhevnikovYV.Sprint1.Task4.V2\Tyuiu.KozhevnikovYV.Sprint1.Task4.V2.csproj", "{842D7C18-E467-4BE3-A0DB-D2FF9771E478}"
EndProject
Project("{FAE04EC0-301F-11D3-BF4B-00C04F79EFBC}") = "Tyuiu.KozhevnikovYV.Sprint1.Task4.V2.Lib", "Tyuiu.KozhevnikovYV.Sprint1.Task4.V2.Lib\Tyuiu.KozhevnikovYV.Sprint1.Task4.V2.Lib.csproj", "{BBFF3D6B-78AB-44C5-BD48-72CEB42A7AAC}"
EndProject
Project("{FAE04EC0-301F-11D3-BF4B-00C04F79EFBC}") = "Tyuiu.KozhevnikovYV.Sprint1.Task4.V2.Test", "Tyuiu.KozhevnikovYV.Sprint1.Task4.V2.Test\Tyuiu.KozhevnikovYV.Sprint1.Task4.V2.Test.csproj", "{BCEA9F8D-966D-407C-8A12-133E7C8D86DE}"
EndProject
Project("{2150E333-8FDC-42A3-9474-1A3956D46DE8}") = "Task5", "Task5", "{1845B8D2-831B-49F0-9300-FABB43AB65E9}"
EndProject
Project("{FAE04EC0-301F-11D3-BF4B-00C04F79EFBC}") = "Tyuiu.KozhevnikovYV.Sprint1.Task5.V5", "Tyuiu.KozhevnikovYV.Sprint1.Task5.V5\Tyuiu.KozhevnikovYV.Sprint1.Task5.V5.csproj", "{5EA93D34-7029-4FAA-8958-F39833742AAC}"
EndProject
Project("{FAE04EC0-301F-11D3-BF4B-00C04F79EFBC}") = "Tyuiu.KozhevnikovYV.Sprint1.Task5.V5.Lib", "Tyuiu.KozhevnikovYV.Sprint1.Task5.V5.Lib\Tyuiu.KozhevnikovYV.Sprint1.Task5.V5.Lib.csproj", "{75BDDB58-7F08-4B54-86A1-20634CA0DC98}"
EndProject
Project("{FAE04EC0-301F-11D3-BF4B-00C04F79EFBC}") = "Tyuiu.KozhevnikovYV.Sprint1.Task5.V5.Test", "Tyuiu.KozhevnikovYV.Sprint1.Task5.V5.Test\Tyuiu.KozhevnikovYV.Sprint1.Task5.V5.Test.csproj", "{C36D3F4A-6F4A-4276-8734-A4B020B23EAF}"
EndProject
Global
	GlobalSection(SolutionConfigurationPlatforms) = preSolution
		Debug|Any CPU = Debug|Any CPU
		Release|Any CPU = Release|Any CPU
	EndGlobalSection
	GlobalSection(ProjectConfigurationPlatforms) = postSolution
		{D100536F-7DB6-4EF5-BF08-32CD5ADA4B5F}.Debug|Any CPU.ActiveCfg = Debug|Any CPU
		{D100536F-7DB6-4EF5-BF08-32CD5ADA4B5F}.Debug|Any CPU.Build.0 = Debug|Any CPU
		{D100536F-7DB6-4EF5-BF08-32CD5ADA4B5F}.Release|Any CPU.ActiveCfg = Release|Any CPU
		{D100536F-7DB6-4EF5-BF08-32CD5ADA4B5F}.Release|Any CPU.Build.0 = Release|Any CPU
		{4B910F3D-8434-474D-864B-90D6FF4BE0FB}.Debug|Any CPU.ActiveCfg = Debug|Any CPU
		{4B910F3D-8434-474D-864B-90D6FF4BE0FB}.Debug|Any CPU.Build.0 = Debug|Any CPU
		{4B910F3D-8434-474D-864B-90D6FF4BE0FB}.Release|Any CPU.ActiveCfg = Release|Any CPU
		{4B910F3D-8434-474D-864B-90D6FF4BE0FB}.Release|Any CPU.Build.0 = Release|Any CPU
		{A8DFF2E9-9A88-471E-B6F2-2A7FA36B999E}.Debug|Any CPU.ActiveCfg = Debug|Any CPU
		{A8DFF2E9-9A88-471E-B6F2-2A7FA36B999E}.Debug|Any CPU.Build.0 = Debug|Any CPU
		{A8DFF2E9-9A88-471E-B6F2-2A7FA36B999E}.Release|Any CPU.ActiveCfg = Release|Any CPU
		{A8DFF2E9-9A88-471E-B6F2-2A7FA36B999E}.Release|Any CPU.Build.0 = Release|Any CPU
		{2F7584F7-F08D-4854-A5AE-3B4FDF66F9A3}.Debug|Any CPU.ActiveCfg = Debug|Any CPU
		{2F7584F7-F08D-4854-A5AE-3B4FDF66F9A3}.Debug|Any CPU.Build.0 = Debug|Any CPU
		{2F7584F7-F08D-4854-A5AE-3B4FDF66F9A3}.Release|Any CPU.ActiveCfg = Release|Any CPU
		{2F7584F7-F08D-4854-A5AE-3B4FDF66F9A3}.Release|Any CPU.Build.0 = Release|Any CPU
		{915085A5-46D3-49CA-A6C6-290B523DE7BE}.Debug|Any CPU.ActiveCfg = Debug|Any CPU
		{915085A5-46D3-49CA-A6C6-290B523DE7BE}.Debug|Any CPU.Build.0 = Debug|Any CPU
		{915085A5-46D3-49CA-A6C6-290B523DE7BE}.Release|Any CPU.ActiveCfg = Release|Any CPU
		{915085A5-46D3-49CA-A6C6-290B523DE7BE}.Release|Any CPU.Build.0 = Release|Any CPU
		{818038C6-8343-46B9-AB74-FCA4DB1E2D31}.Debug|Any CPU.ActiveCfg = Debug|Any CPU
		{818038C6-8343-46B9-AB74-FCA4DB1E2D31}.Debug|Any CPU.Build.0 = Debug|Any CPU
		{818038C6-8343-46B9-AB74-FCA4DB1E2D31}.Release|Any CPU.ActiveCfg = Release|Any CPU
		{818038C6-8343-46B9-AB74-FCA4DB1E2D31}.Release|Any CPU.Build.0 = Release|Any CPU
		{839CD56D-3B5C-4137-9479-F4FC673581DC}.Debug|Any CPU.ActiveCfg = Debug|Any CPU
		{839CD56D-3B5C-4137-9479-F4FC673581DC}.Debug|Any CPU.Build.0 = Debug|Any CPU
		{839CD56D-3B5C-4137-9479-F4FC673581DC}.Release|Any CPU.ActiveCfg = Release|Any CPU
		{839CD56D-3B5C-4137-9479-F4FC673581DC}.Release|Any CPU.Build.0 = Release|Any CPU
		{C23D1DE8-664F-4800-A9B9-4878CDBDCFC1}.Debug|Any CPU.ActiveCfg = Debug|Any CPU
		{C23D1DE8-664F-4800-A9B9-4878CDBDCFC1}.Debug|Any CPU.Build.0 = Debug|Any CPU
		{C23D1DE8-664F-4800-A9B9-4878CDBDCFC1}.Release|Any CPU.ActiveCfg = Release|Any CPU
		{C23D1DE8-664F-4800-A9B9-4878CDBDCFC1}.Release|Any CPU.Build.0 = Release|Any CPU
		{67097716-405E-44CE-94C4-997B4BBC9A5A}.Debug|Any CPU.ActiveCfg = Debug|Any CPU
		{67097716-405E-44CE-94C4-997B4BBC9A5A}.Debug|Any CPU.Build.0 = Debug|Any CPU
		{67097716-405E-44CE-94C4-997B4BBC9A5A}.Release|Any CPU.ActiveCfg = Release|Any CPU
		{67097716-405E-44CE-94C4-997B4BBC9A5A}.Release|Any CPU.Build.0 = Release|Any CPU
		{83E0E4B5-5157-45D3-BA1C-B4B68A6AAC1E}.Debug|Any CPU.ActiveCfg = Debug|Any CPU
		{83E0E4B5-5157-45D3-BA1C-B4B68A6AAC1E}.Debug|Any CPU.Build.0 = Debug|Any CPU
		{83E0E4B5-5157-45D3-BA1C-B4B68A6AAC1E}.Release|Any CPU.ActiveCfg = Release|Any CPU
		{83E0E4B5-5157-45D3-BA1C-B4B68A6AAC1E}.Release|Any CPU.Build.0 = Release|Any CPU
		{06B4FBA0-76A9-4E60-8171-7DD0AA92AC47}.Debug|Any CPU.ActiveCfg = Debug|Any CPU
		{06B4FBA0-76A9-4E60-8171-7DD0AA92AC47}.Debug|Any CPU.Build.0 = Debug|Any CPU
		{06B4FBA0-76A9-4E60-8171-7DD0AA92AC47}.Release|Any CPU.ActiveCfg = Release|Any CPU
		{06B4FBA0-76A9-4E60-8171-7DD0AA92AC47}.Release|Any CPU.Build.0 = Release|Any CPU
		{159A859C-AE6B-4C14-BD9F-799CA2388802}.Debug|Any CPU.ActiveCfg = Debug|Any CPU
		{159A859C-AE6B-4C14-BD9F-799CA2388802}.Debug|Any CPU.Build.0 = Debug|Any CPU
		{159A859C-AE6B-4C14-BD9F-799CA2388802}.Release|Any CPU.ActiveCfg = Release|Any CPU
		{159A859C-AE6B-4C14-BD9F-799CA2388802}.Release|Any CPU.Build.0 = Release|Any CPU
		{842D7C18-E467-4BE3-A0DB-D2FF9771E478}.Debug|Any CPU.ActiveCfg = Debug|Any CPU
		{842D7C18-E467-4BE3-A0DB-D2FF9771E478}.Debug|Any CPU.Build.0 = Debug|Any CPU
		{842D7C18-E467-4BE3-A0DB-D2FF9771E478}.Release|Any CPU.ActiveCfg = Release|Any CPU
		{842D7C18-E467-4BE3-A0DB-D2FF9771E478}.Release|Any CPU.Build.0 = Release|Any CPU
		{BBFF3D6B-78AB-44C5-BD48-72CEB42A7AAC}.Debug|Any CPU.ActiveCfg = Debug|Any CPU
		{BBFF3D6B-78AB-44C5-BD48-72CEB42A7AAC}.Debug|Any CPU.Build.0 = Debug|Any CPU
		{BBFF3D6B-78AB-44C5-BD48-72CEB42A7AAC}.Release|Any CPU.ActiveCfg = Release|Any CPU
		{BBFF3D6B-78AB-44C5-BD48-72CEB42A7AAC}.Release|Any CPU.Build.0 = Release|Any CPU
		{BCEA9F8D-966D-407C-8A12-133E7C8D86DE}.Debug|Any CPU.ActiveCfg = Debug|Any CPU
		{BCEA9F8D-966D-407C-8A12-133E7C8D86DE}.Debug|Any CPU.Build.0 = Debug|Any CPU
		{BCEA9F8D-966D-407C-8A12-133E7C8D86DE}.Release|Any CPU.ActiveCfg = Release|Any CPU
		{BCEA9F8D-966D-407C-8A12-133E7C8D86DE}.Release|Any CPU.Build.0 = Release|Any CPU
		{5EA93D34-7029-4FAA-8958-F39833742AAC}.Debug|Any CPU.ActiveCfg = Debug|Any CPU
		{5EA93D34-7029-4FAA-8958-F39833742AAC}.Debug|Any CPU.Build.0 = Debug|Any CPU
		{5EA93D34-7029-4FAA-8958-F39833742AAC}.Release|Any CPU.ActiveCfg = Release|Any CPU
		{5EA93D34-7029-4FAA-8958-F39833742AAC}.Release|Any CPU.Build.0 = Release|Any CPU
		{75BDDB58-7F08-4B54-86A1-20634CA0DC98}.Debug|Any CPU.ActiveCfg = Debug|Any CPU
		{75BDDB58-7F08-4B54-86A1-20634CA0DC98}.Debug|Any CPU.Build.0 = Debug|Any CPU
		{75BDDB58-7F08-4B54-86A1-20634CA0DC98}.Release|Any CPU.ActiveCfg = Release|Any CPU
		{75BDDB58-7F08-4B54-86A1-20634CA0DC98}.Release|Any CPU.Build.0 = Release|Any CPU
		{C36D3F4A-6F4A-4276-8734-A4B020B23EAF}.Debug|Any CPU.ActiveCfg = Debug|Any CPU
		{C36D3F4A-6F4A-4276-8734-A4B020B23EAF}.Debug|Any CPU.Build.0 = Debug|Any CPU
		{C36D3F4A-6F4A-4276-8734-A4B020B23EAF}.Release|Any CPU.ActiveCfg = Release|Any CPU
		{C36D3F4A-6F4A-4276-8734-A4B020B23EAF}.Release|Any CPU.Build.0 = Release|Any CPU
	EndGlobalSection
	GlobalSection(SolutionProperties) = preSolution
		HideSolutionNode = FALSE
	EndGlobalSection
	GlobalSection(NestedProjects) = preSolution
		{D100536F-7DB6-4EF5-BF08-32CD5ADA4B5F} = {4AE6B260-19E6-436C-9F35-7F8FF75FAD91}
		{4B910F3D-8434-474D-864B-90D6FF4BE0FB} = {4AE6B260-19E6-436C-9F35-7F8FF75FAD91}
		{A8DFF2E9-9A88-471E-B6F2-2A7FA36B999E} = {4AE6B260-19E6-436C-9F35-7F8FF75FAD91}
		{2F7584F7-F08D-4854-A5AE-3B4FDF66F9A3} = {02EA681E-C7D8-13C7-8484-4AC65E1B71E8}
		{915085A5-46D3-49CA-A6C6-290B523DE7BE} = {02EA681E-C7D8-13C7-8484-4AC65E1B71E8}
		{818038C6-8343-46B9-AB74-FCA4DB1E2D31} = {02EA681E-C7D8-13C7-8484-4AC65E1B71E8}
		{839CD56D-3B5C-4137-9479-F4FC673581DC} = {08958EDC-BB9A-4686-8A81-3334A1471CA0}
		{C23D1DE8-664F-4800-A9B9-4878CDBDCFC1} = {08958EDC-BB9A-4686-8A81-3334A1471CA0}
		{67097716-405E-44CE-94C4-997B4BBC9A5A} = {08958EDC-BB9A-4686-8A81-3334A1471CA0}
		{83E0E4B5-5157-45D3-BA1C-B4B68A6AAC1E} = {EEA24B47-6CC2-48AB-9735-1CC2E46EB178}
		{06B4FBA0-76A9-4E60-8171-7DD0AA92AC47} = {EEA24B47-6CC2-48AB-9735-1CC2E46EB178}
		{159A859C-AE6B-4C14-BD9F-799CA2388802} = {EEA24B47-6CC2-48AB-9735-1CC2E46EB178}
		{842D7C18-E467-4BE3-A0DB-D2FF9771E478} = {23F71D24-E7B0-4FE0-8858-4A889CAACCA8}
		{BBFF3D6B-78AB-44C5-BD48-72CEB42A7AAC} = {23F71D24-E7B0-4FE0-8858-4A889CAACCA8}
		{BCEA9F8D-966D-407C-8A12-133E7C8D86DE} = {23F71D24-E7B0-4FE0-8858-4A889CAACCA8}
		{5EA93D34-7029-4FAA-8958-F39833742AAC} = {1845B8D2-831B-49F0-9300-FABB43AB65E9}
		{75BDDB58-7F08-4B54-86A1-20634CA0DC98} = {1845B8D2-831B-49F0-9300-FABB43AB65E9}
		{C36D3F4A-6F4A-4276-8734-A4B020B23EAF} = {1845B8D2-831B-49F0-9300-FABB43AB65E9}
	EndGlobalSection
	GlobalSection(ExtensibilityGlobals) = postSolution
		SolutionGuid = {2672D6B4-4BAC-452F-8641-BA78E7AB35C7}
	EndGlobalSection
EndGlobal
